
Microsoft Visual Studio Solution File, Format Version 12.00
# Visual Studio 2012
Project("{FAE04EC0-301F-11D3-BF4B-00C04F79EFBC}") = "GF.Web", "GF.Web\GF.Web.csproj", "{22DF4CA9-3D8E-4F32-B416-F4E2FDDB2614}"
EndProject
Project("{FAE04EC0-301F-11D3-BF4B-00C04F79EFBC}") = "GF.Data", "GF.Data\GF.Data.csproj", "{CBF5B4A6-C515-47D8-B4BA-7CEA13D36D22}"
EndProject
Project("{FAE04EC0-301F-11D3-BF4B-00C04F79EFBC}") = "GF.Tests", "GF.Tests\GF.Tests.csproj", "{C4008BD5-722F-4B53-991A-BF50DC9B84D5}"
EndProject
Project("{2150E333-8FDC-42A3-9474-1A3956D46DE8}") = ".nuget", ".nuget", "{4E8035E8-5829-4CDB-8D39-646CEB34DA55}"
	ProjectSection(SolutionItems) = preProject
		.nuget\packages.config = .nuget\packages.config
	EndProjectSection
EndProject
Project("{FAE04EC0-301F-11D3-BF4B-00C04F79EFBC}") = "GF.SAPConnector", "GF.SAPConnector\GF.SAPConnector.csproj", "{D9BA06F4-37BC-438E-A25B-ADD4DF02B270}"
EndProject
Global
	GlobalSection(SolutionConfigurationPlatforms) = preSolution
		Debug|Any CPU = Debug|Any CPU
		Release|Any CPU = Release|Any CPU
	EndGlobalSection
	GlobalSection(ProjectConfigurationPlatforms) = postSolution
		{22DF4CA9-3D8E-4F32-B416-F4E2FDDB2614}.Debug|Any CPU.ActiveCfg = Debug|Any CPU
		{22DF4CA9-3D8E-4F32-B416-F4E2FDDB2614}.Debug|Any CPU.Build.0 = Debug|Any CPU
		{22DF4CA9-3D8E-4F32-B416-F4E2FDDB2614}.Release|Any CPU.ActiveCfg = Release|Any CPU
		{22DF4CA9-3D8E-4F32-B416-F4E2FDDB2614}.Release|Any CPU.Build.0 = Release|Any CPU
		{CBF5B4A6-C515-47D8-B4BA-7CEA13D36D22}.Debug|Any CPU.ActiveCfg = Debug|Any CPU
		{CBF5B4A6-C515-47D8-B4BA-7CEA13D36D22}.Debug|Any CPU.Build.0 = Debug|Any CPU
		{CBF5B4A6-C515-47D8-B4BA-7CEA13D36D22}.Release|Any CPU.ActiveCfg = Release|Any CPU
		{CBF5B4A6-C515-47D8-B4BA-7CEA13D36D22}.Release|Any CPU.Build.0 = Release|Any CPU
		{C4008BD5-722F-4B53-991A-BF50DC9B84D5}.Debug|Any CPU.ActiveCfg = Debug|Any CPU
		{C4008BD5-722F-4B53-991A-BF50DC9B84D5}.Debug|Any CPU.Build.0 = Debug|Any CPU
		{C4008BD5-722F-4B53-991A-BF50DC9B84D5}.Release|Any CPU.ActiveCfg = Release|Any CPU
		{C4008BD5-722F-4B53-991A-BF50DC9B84D5}.Release|Any CPU.Build.0 = Release|Any CPU
		{D9BA06F4-37BC-438E-A25B-ADD4DF02B270}.Debug|Any CPU.ActiveCfg = Debug|Any CPU
		{D9BA06F4-37BC-438E-A25B-ADD4DF02B270}.Debug|Any CPU.Build.0 = Debug|Any CPU
		{D9BA06F4-37BC-438E-A25B-ADD4DF02B270}.Release|Any CPU.ActiveCfg = Release|Any CPU
		{D9BA06F4-37BC-438E-A25B-ADD4DF02B270}.Release|Any CPU.Build.0 = Release|Any CPU
	EndGlobalSection
	GlobalSection(SolutionProperties) = preSolution
		HideSolutionNode = FALSE
	EndGlobalSection
EndGlobal
